
Microsoft Visual Studio Solution File, Format Version 12.00
# Visual Studio 15
VisualStudioVersion = 15.0.27703.2026
MinimumVisualStudioVersion = 10.0.40219.1
Project("{FAE04EC0-301F-11D3-BF4B-00C04F79EFBC}") = "FizzBuzz", "FizzBuzz\FizzBuzz.csproj", "{88F21277-A630-4631-AA62-6CE60E33D821}"
EndProject
Global
	GlobalSection(SolutionConfigurationPlatforms) = preSolution
		Debug|Any CPU = Debug|Any CPU
		Release|Any CPU = Release|Any CPU
	EndGlobalSection
	GlobalSection(ProjectConfigurationPlatforms) = postSolution
		{88F21277-A630-4631-AA62-6CE60E33D821}.Debug|Any CPU.ActiveCfg = Debug|Any CPU
		{88F21277-A630-4631-AA62-6CE60E33D821}.Debug|Any CPU.Build.0 = Debug|Any CPU
		{88F21277-A630-4631-AA62-6CE60E33D821}.Release|Any CPU.ActiveCfg = Release|Any CPU
		{88F21277-A630-4631-AA62-6CE60E33D821}.Release|Any CPU.Build.0 = Release|Any CPU
	EndGlobalSection
	GlobalSection(SolutionProperties) = preSolution
		HideSolutionNode = FALSE
	EndGlobalSection
	GlobalSection(ExtensibilityGlobals) = postSolution
		SolutionGuid = {0983EC0A-D235-47E8-A5CD-936D4F9B4D09}
	EndGlobalSection
EndGlobal
